
Microsoft Visual Studio Solution File, Format Version 12.00
# Visual Studio Version 17
VisualStudioVersion = 17.7.34031.279
MinimumVisualStudioVersion = 10.0.40219.1
Project("{FAE04EC0-301F-11D3-BF4B-00C04F79EFBC}") = "Conversor Cel a Fahr", "Conversor Cel a Fahr\Conversor Cel a Fahr.csproj", "{F1274AB5-8ECE-4685-BF2D-39771E0BC403}"
EndProject
Global
	GlobalSection(SolutionConfigurationPlatforms) = preSolution
		Debug|Any CPU = Debug|Any CPU
		Release|Any CPU = Release|Any CPU
	EndGlobalSection
	GlobalSection(ProjectConfigurationPlatforms) = postSolution
		{F1274AB5-8ECE-4685-BF2D-39771E0BC403}.Debug|Any CPU.ActiveCfg = Debug|Any CPU
		{F1274AB5-8ECE-4685-BF2D-39771E0BC403}.Debug|Any CPU.Build.0 = Debug|Any CPU
		{F1274AB5-8ECE-4685-BF2D-39771E0BC403}.Release|Any CPU.ActiveCfg = Release|Any CPU
		{F1274AB5-8ECE-4685-BF2D-39771E0BC403}.Release|Any CPU.Build.0 = Release|Any CPU
	EndGlobalSection
	GlobalSection(SolutionProperties) = preSolution
		HideSolutionNode = FALSE
	EndGlobalSection
	GlobalSection(ExtensibilityGlobals) = postSolution
		SolutionGuid = {14A7262F-87AF-47A4-9888-A795C382F43B}
	EndGlobalSection
EndGlobal
